{
	"name": "@tstibbs/geo-bagging-shared",
	"lockfileVersion": 2,
	"requires": true,
	"packages": {
		"": {
			"name": "@tstibbs/geo-bagging-shared",
			"dependencies": {
				"es-main": "^1.2.0"
			},
			"engines": {
				"node": ">=16",
				"npm": ">=8"
			}
		},
		"node_modules/es-main": {
			"version": "1.2.0",
			"resolved": "https://registry.npmjs.org/es-main/-/es-main-1.2.0.tgz",
			"integrity": "sha512-A4tCSY43O/mH4rHjG1n0mI4DhK2BmKDr8Lk8PXK/GBB6zxGFGmIW4bbkbTQ2Gi9iNamMZ9vbGrwjZOIeiM7vMw=="
		}
	},
	"dependencies": {
		"es-main": {
			"version": "1.2.0",
			"resolved": "https://registry.npmjs.org/es-main/-/es-main-1.2.0.tgz",
			"integrity": "sha512-A4tCSY43O/mH4rHjG1n0mI4DhK2BmKDr8Lk8PXK/GBB6zxGFGmIW4bbkbTQ2Gi9iNamMZ9vbGrwjZOIeiM7vMw=="
		}
	}
}
